
Microsoft Visual Studio Solution File, Format Version 11.00
# Visual Studio 2010
Project("{FAE04EC0-301F-11D3-BF4B-00C04F79EFBC}") = "Assembly-CSharp", "Assembly-CSharp.csproj", "{861D1FAF-624E-5934-BC6C-429762AC7FBB}"
EndProject
Global
	GlobalSection(SolutionConfigurationPlatforms) = preSolution
		Debug|Any CPU = Debug|Any CPU
		Release|Any CPU = Release|Any CPU
	EndGlobalSection
	GlobalSection(ProjectConfigurationPlatforms) = postSolution
		{861D1FAF-624E-5934-BC6C-429762AC7FBB}.Debug|Any CPU.ActiveCfg = Debug|Any CPU
		{861D1FAF-624E-5934-BC6C-429762AC7FBB}.Debug|Any CPU.Build.0 = Debug|Any CPU
		{861D1FAF-624E-5934-BC6C-429762AC7FBB}.Release|Any CPU.ActiveCfg = Release|Any CPU
		{861D1FAF-624E-5934-BC6C-429762AC7FBB}.Release|Any CPU.Build.0 = Release|Any CPU
	EndGlobalSection
	GlobalSection(SolutionProperties) = preSolution
		HideSolutionNode = FALSE
	EndGlobalSection
EndGlobal
